
Microsoft Visual Studio Solution File, Format Version 12.00
# Visual Studio Version 17
VisualStudioVersion = 17.9.34714.143
MinimumVisualStudioVersion = 10.0.40219.1
Project("{FAE04EC0-301F-11D3-BF4B-00C04F79EFBC}") = "MSLearn.CSharpImplementExceptionHandling.Challenge2", "MSLearn.CSharpImplementExceptionHandling.Challenge2\MSLearn.CSharpImplementExceptionHandling.Challenge2.csproj", "{99A4869C-2AB1-46CC-85DE-58B7723042D8}"
EndProject
Global
	GlobalSection(SolutionConfigurationPlatforms) = preSolution
		Debug|Any CPU = Debug|Any CPU
		Release|Any CPU = Release|Any CPU
	EndGlobalSection
	GlobalSection(ProjectConfigurationPlatforms) = postSolution
		{99A4869C-2AB1-46CC-85DE-58B7723042D8}.Debug|Any CPU.ActiveCfg = Debug|Any CPU
		{99A4869C-2AB1-46CC-85DE-58B7723042D8}.Debug|Any CPU.Build.0 = Debug|Any CPU
		{99A4869C-2AB1-46CC-85DE-58B7723042D8}.Release|Any CPU.ActiveCfg = Release|Any CPU
		{99A4869C-2AB1-46CC-85DE-58B7723042D8}.Release|Any CPU.Build.0 = Release|Any CPU
	EndGlobalSection
	GlobalSection(SolutionProperties) = preSolution
		HideSolutionNode = FALSE
	EndGlobalSection
	GlobalSection(ExtensibilityGlobals) = postSolution
		SolutionGuid = {6828FE47-D6AE-41BA-B637-6B09ABA16B4E}
	EndGlobalSection
EndGlobal
